
Microsoft Visual Studio Solution File, Format Version 12.00
# Visual Studio Version 17
VisualStudioVersion = 17.12.35527.113 d17.12
MinimumVisualStudioVersion = 10.0.40219.1
Project("{FAE04EC0-301F-11D3-BF4B-00C04F79EFBC}") = "Section_4", "Section_4\Section_4.csproj", "{84ED0BEE-D672-438D-9BA0-39F3412E4B46}"
EndProject
Global
	GlobalSection(SolutionConfigurationPlatforms) = preSolution
		Debug|Any CPU = Debug|Any CPU
		Release|Any CPU = Release|Any CPU
	EndGlobalSection
	GlobalSection(ProjectConfigurationPlatforms) = postSolution
		{84ED0BEE-D672-438D-9BA0-39F3412E4B46}.Debug|Any CPU.ActiveCfg = Debug|Any CPU
		{84ED0BEE-D672-438D-9BA0-39F3412E4B46}.Debug|Any CPU.Build.0 = Debug|Any CPU
		{84ED0BEE-D672-438D-9BA0-39F3412E4B46}.Release|Any CPU.ActiveCfg = Release|Any CPU
		{84ED0BEE-D672-438D-9BA0-39F3412E4B46}.Release|Any CPU.Build.0 = Release|Any CPU
	EndGlobalSection
	GlobalSection(SolutionProperties) = preSolution
		HideSolutionNode = FALSE
	EndGlobalSection
EndGlobal
